
Microsoft Visual Studio Solution File, Format Version 12.00
# Visual Studio Version 16
VisualStudioVersion = 16.0.31112.23
MinimumVisualStudioVersion = 10.0.40219.1
Project("{FAE04EC0-301F-11D3-BF4B-00C04F79EFBC}") = "Phonelink", "Phonelink\Phonelink.csproj", "{887C2C04-88D6-4F6E-A347-D350C5EDFEBE}"
EndProject
Global
	GlobalSection(SolutionConfigurationPlatforms) = preSolution
		Debug|Any CPU = Debug|Any CPU
		Release|Any CPU = Release|Any CPU
	EndGlobalSection
	GlobalSection(ProjectConfigurationPlatforms) = postSolution
		{887C2C04-88D6-4F6E-A347-D350C5EDFEBE}.Debug|Any CPU.ActiveCfg = Debug|Any CPU
		{887C2C04-88D6-4F6E-A347-D350C5EDFEBE}.Debug|Any CPU.Build.0 = Debug|Any CPU
		{887C2C04-88D6-4F6E-A347-D350C5EDFEBE}.Release|Any CPU.ActiveCfg = Release|Any CPU
		{887C2C04-88D6-4F6E-A347-D350C5EDFEBE}.Release|Any CPU.Build.0 = Release|Any CPU
	EndGlobalSection
	GlobalSection(SolutionProperties) = preSolution
		HideSolutionNode = FALSE
	EndGlobalSection
	GlobalSection(ExtensibilityGlobals) = postSolution
		SolutionGuid = {B245CEBE-4422-48FF-86E6-DB98710FB4D9}
	EndGlobalSection
EndGlobal
